<?xml version="1.0" encoding="utf-8"?>
<Project ToolsVersion="4.0" xmlns="http://schemas.microsoft.com/developer/msbuild/2003">
  <ItemGroup>
    <ClCompile Include="3DClasses\BaseObject3D.cpp" />
    <ClCompile Include="3DClasses\Vertex.cpp" />
    <ClCompile Include="d3dApp.cpp" />
    <ClCompile Include="DirectInput.cpp" />
    <ClCompile Include="GfxStats.cpp" />
    <ClCompile Include="SkeletonClass.cpp" />
    <ClCompile Include="Cone.cpp">
      <Filter>Shapes</Filter>
    </ClCompile>
    <ClCompile Include="Cylinder.cpp">
      <Filter>Shapes</Filter>
    </ClCompile>
    <ClCompile Include="Sphere.cpp">
      <Filter>Shapes</Filter>
    </ClCompile>
    <ClCompile Include="Torus.cpp">
      <Filter>Shapes</Filter>
    </ClCompile>
    <ClCompile Include="Teapot.cpp">
      <Filter>Shapes</Filter>
    </ClCompile>
    <ClCompile Include="Box.cpp">
      <Filter>Shapes</Filter>
    </ClCompile>
    <ClCompile Include="BaseMaterial.cpp">
      <Filter>Materials</Filter>
    </ClCompile>
    <ClCompile Include="PhongMaterial.cpp">
      <Filter>Materials</Filter>
    </ClCompile>
    <ClCompile Include="GouraudMaterial.cpp">
      <Filter>Materials</Filter>
    </ClCompile>
    <ClCompile Include="Skybox.cpp" />
  </ItemGroup>
  <ItemGroup>
    <ClInclude Include="3DClasses\BaseObject3D.h" />
    <ClInclude Include="3DClasses\Vertex.h" />
    <ClInclude Include="d3dApp.h" />
    <ClInclude Include="d3dUtil.h" />
    <ClInclude Include="DirectInput.h" />
    <ClInclude Include="GfxStats.h" />
    <ClInclude Include="SkeletonClass.h" />
    <ClInclude Include="Cone.h">
      <Filter>Shapes</Filter>
    </ClInclude>
    <ClInclude Include="Cylinder.h">
      <Filter>Shapes</Filter>
    </ClInclude>
    <ClInclude Include="Sphere.h">
      <Filter>Shapes</Filter>
    </ClInclude>
    <ClInclude Include="Torus.h">
      <Filter>Shapes</Filter>
    </ClInclude>
    <ClInclude Include="Teapot.h">
      <Filter>Shapes</Filter>
    </ClInclude>
    <ClInclude Include="Box.h">
      <Filter>Shapes</Filter>
    </ClInclude>
    <ClInclude Include="BaseMaterial.h">
      <Filter>Materials</Filter>
    </ClInclude>
    <ClInclude Include="PhongMaterial.h">
      <Filter>Materials</Filter>
    </ClInclude>
    <ClInclude Include="RenderOptions.h" />
    <ClInclude Include="GouraudMaterial.h">
      <Filter>Materials</Filter>
    </ClInclude>
    <ClInclude Include="Skybox.h" />
  </ItemGroup>
  <ItemGroup>
    <Filter Include="Shapes">
      <UniqueIdentifier>{465c1b64-e197-4548-8ae0-8e0c0fe28ee8}</UniqueIdentifier>
    </Filter>
    <Filter Include="Materials">
      <UniqueIdentifier>{520df58f-2cb4-4533-8a57-2302eb9549a2}</UniqueIdentifier>
    </Filter>
  </ItemGroup>
</Project>